
Microsoft Visual Studio Solution File, Format Version 12.00
# Visual Studio 2012
Project("{FAE04EC0-301F-11D3-BF4B-00C04F79EFBC}") = "SandBox", "Source\Sandbox.csproj", "{43DD46E7-BB41-458F-958B-47DE65FA5F2E}"
EndProject
Global
	GlobalSection(SolutionConfigurationPlatforms) = preSolution
		Debug|Any CPU = Debug|Any CPU
		Release|Any CPU = Release|Any CPU
	EndGlobalSection
	GlobalSection(ProjectConfigurationPlatforms) = postSolution
		{43DD46E7-BB41-458F-958B-47DE65FA5F2E}.Debug|Any CPU.ActiveCfg = Debug|Any CPU
		{43DD46E7-BB41-458F-958B-47DE65FA5F2E}.Debug|Any CPU.Build.0 = Debug|Any CPU
		{43DD46E7-BB41-458F-958B-47DE65FA5F2E}.Release|Any CPU.ActiveCfg = Release|Any CPU
		{43DD46E7-BB41-458F-958B-47DE65FA5F2E}.Release|Any CPU.Build.0 = Release|Any CPU
	EndGlobalSection
	GlobalSection(SolutionProperties) = preSolution
		HideSolutionNode = FALSE
	EndGlobalSection
EndGlobal
